
Microsoft Visual Studio Solution File, Format Version 12.00
# Visual Studio Version 17
VisualStudioVersion = 17.5.002.0
MinimumVisualStudioVersion = 10.0.40219.1
Project("{9A19103F-16F7-4668-BE54-9A1E7A4F7556}") = "BookWeb", "BookWeb.csproj", "{129A8572-3330-4B40-9AC2-8E6603D8EF5F}"
EndProject
Global
	GlobalSection(SolutionConfigurationPlatforms) = preSolution
		Debug|Any CPU = Debug|Any CPU
		Release|Any CPU = Release|Any CPU
	EndGlobalSection
	GlobalSection(ProjectConfigurationPlatforms) = postSolution
		{129A8572-3330-4B40-9AC2-8E6603D8EF5F}.Debug|Any CPU.ActiveCfg = Debug|Any CPU
		{129A8572-3330-4B40-9AC2-8E6603D8EF5F}.Debug|Any CPU.Build.0 = Debug|Any CPU
		{129A8572-3330-4B40-9AC2-8E6603D8EF5F}.Release|Any CPU.ActiveCfg = Release|Any CPU
		{129A8572-3330-4B40-9AC2-8E6603D8EF5F}.Release|Any CPU.Build.0 = Release|Any CPU
	EndGlobalSection
	GlobalSection(SolutionProperties) = preSolution
		HideSolutionNode = FALSE
	EndGlobalSection
	GlobalSection(ExtensibilityGlobals) = postSolution
		SolutionGuid = {013C8254-8E91-4BBA-BB39-294B364E55B7}
	EndGlobalSection
EndGlobal
